{
  "name": "js",
  "lockfileVersion": 2,
  "requires": true,
  "packages": {
    "": {
      "dependencies": {
        "@fontsource/noto-sans": "^4.5.9"
      }
    },
    "node_modules/@fontsource/noto-sans": {
      "version": "4.5.9",
      "resolved": "https://registry.npmjs.org/@fontsource/noto-sans/-/noto-sans-4.5.9.tgz",
      "integrity": "sha512-T/5WYsgKV14CGOtE1mTG5D/kyvgn1Vjn8sd2cYRH+J4ZFin2Tc9xRWEtu2DocDfiiI1e9B10LdSf8NN2+sxlKg=="
    }
  },
  "dependencies": {
    "@fontsource/noto-sans": {
      "version": "4.5.9",
      "resolved": "https://registry.npmjs.org/@fontsource/noto-sans/-/noto-sans-4.5.9.tgz",
      "integrity": "sha512-T/5WYsgKV14CGOtE1mTG5D/kyvgn1Vjn8sd2cYRH+J4ZFin2Tc9xRWEtu2DocDfiiI1e9B10LdSf8NN2+sxlKg=="
    }
  }
}
